{
  "requires": true,
  "lockfileVersion": 1,
  "dependencies": {
    "postprocessing": {
      "version": "6.7.0",
      "resolved": "https://registry.npmjs.org/postprocessing/-/postprocessing-6.7.0.tgz",
      "integrity": "sha512-4q+bC8N/GL9gJO8PmgYFKUwuVvnfaD7kVU23Ku9hMZ83kdHELfRERHn9RF6Mx9SQIolCuvgGj07ip6vIW/UdSw=="
    },
    "three": {
      "version": "0.108.0",
      "resolved": "https://registry.npmjs.org/three/-/three-0.108.0.tgz",
      "integrity": "sha512-d1ysIXwi8qTlbmMwrTxi5pYiiYIflEr0e48krP0LAY8ndS8c6fkLHn6NvRT+o76/Fs9PBLxFViuI62iGVWwwlg=="
    }
  }
}
